
Microsoft Visual Studio Solution File, Format Version 12.00
# Visual Studio Version 17
VisualStudioVersion = 17.5.33627.172
MinimumVisualStudioVersion = 10.0.40219.1
Project("{FAE04EC0-301F-11D3-BF4B-00C04F79EFBC}") = "Bingo Caller", "Bingo Caller.csproj", "{AFA2590C-499F-4A25-82FE-8A5278D38025}"
EndProject
Global
	GlobalSection(SolutionConfigurationPlatforms) = preSolution
		Debug|Any CPU = Debug|Any CPU
		Release|Any CPU = Release|Any CPU
	EndGlobalSection
	GlobalSection(ProjectConfigurationPlatforms) = postSolution
		{AFA2590C-499F-4A25-82FE-8A5278D38025}.Debug|Any CPU.ActiveCfg = Debug|Any CPU
		{AFA2590C-499F-4A25-82FE-8A5278D38025}.Debug|Any CPU.Build.0 = Debug|Any CPU
		{AFA2590C-499F-4A25-82FE-8A5278D38025}.Release|Any CPU.ActiveCfg = Release|Any CPU
		{AFA2590C-499F-4A25-82FE-8A5278D38025}.Release|Any CPU.Build.0 = Release|Any CPU
	EndGlobalSection
	GlobalSection(SolutionProperties) = preSolution
		HideSolutionNode = FALSE
	EndGlobalSection
	GlobalSection(ExtensibilityGlobals) = postSolution
		SolutionGuid = {8B1999AE-FF39-47E4-83CD-8F2FB37F4577}
	EndGlobalSection
EndGlobal
